
Microsoft Visual Studio Solution File, Format Version 12.00
# Visual Studio Version 16
VisualStudioVersion = 16.0.29806.167
MinimumVisualStudioVersion = 10.0.40219.1
Project("{9A19103F-16F7-4668-BE54-9A1E7A4F7556}") = "FYT", "FYT\FYT.csproj", "{DD3AD0E1-5467-4366-9452-522CE9BF62A7}"
EndProject
Project("{9A19103F-16F7-4668-BE54-9A1E7A4F7556}") = "FYT.DataAccess", "FYT.DataAccess\FYT.DataAccess.csproj", "{5A7A48E1-00C0-4556-9F4C-F659231E2ED7}"
EndProject
Project("{9A19103F-16F7-4668-BE54-9A1E7A4F7556}") = "FYT.Models", "FYT.Models\FYT.Models.csproj", "{4D1FA20E-B49E-45D7-9A5E-7CC29DE9F7AA}"
EndProject
Project("{9A19103F-16F7-4668-BE54-9A1E7A4F7556}") = "FYT.Utility", "FYT.Utility\FYT.Utility.csproj", "{E26CE44B-197D-4098-B564-4893DFEF98DA}"
EndProject
Project("{9A19103F-16F7-4668-BE54-9A1E7A4F7556}") = "FYT.BusinessLogic", "BusinessLogic\FYT.BusinessLogic.csproj", "{9386AC0A-8E33-4F8F-A342-434F3D01A2D3}"
EndProject
Project("{9A19103F-16F7-4668-BE54-9A1E7A4F7556}") = "FYTTestDriver", "FYTTestDriver\FYTTestDriver.csproj", "{9B5B1D37-2733-4283-B791-D16151A381A7}"
EndProject
Global
	GlobalSection(SolutionConfigurationPlatforms) = preSolution
		Debug|Any CPU = Debug|Any CPU
		Release|Any CPU = Release|Any CPU
	EndGlobalSection
	GlobalSection(ProjectConfigurationPlatforms) = postSolution
		{DD3AD0E1-5467-4366-9452-522CE9BF62A7}.Debug|Any CPU.ActiveCfg = Debug|Any CPU
		{DD3AD0E1-5467-4366-9452-522CE9BF62A7}.Debug|Any CPU.Build.0 = Debug|Any CPU
		{DD3AD0E1-5467-4366-9452-522CE9BF62A7}.Release|Any CPU.ActiveCfg = Release|Any CPU
		{DD3AD0E1-5467-4366-9452-522CE9BF62A7}.Release|Any CPU.Build.0 = Release|Any CPU
		{5A7A48E1-00C0-4556-9F4C-F659231E2ED7}.Debug|Any CPU.ActiveCfg = Debug|Any CPU
		{5A7A48E1-00C0-4556-9F4C-F659231E2ED7}.Debug|Any CPU.Build.0 = Debug|Any CPU
		{5A7A48E1-00C0-4556-9F4C-F659231E2ED7}.Release|Any CPU.ActiveCfg = Release|Any CPU
		{5A7A48E1-00C0-4556-9F4C-F659231E2ED7}.Release|Any CPU.Build.0 = Release|Any CPU
		{4D1FA20E-B49E-45D7-9A5E-7CC29DE9F7AA}.Debug|Any CPU.ActiveCfg = Debug|Any CPU
		{4D1FA20E-B49E-45D7-9A5E-7CC29DE9F7AA}.Debug|Any CPU.Build.0 = Debug|Any CPU
		{4D1FA20E-B49E-45D7-9A5E-7CC29DE9F7AA}.Release|Any CPU.ActiveCfg = Release|Any CPU
		{4D1FA20E-B49E-45D7-9A5E-7CC29DE9F7AA}.Release|Any CPU.Build.0 = Release|Any CPU
		{E26CE44B-197D-4098-B564-4893DFEF98DA}.Debug|Any CPU.ActiveCfg = Debug|Any CPU
		{E26CE44B-197D-4098-B564-4893DFEF98DA}.Debug|Any CPU.Build.0 = Debug|Any CPU
		{E26CE44B-197D-4098-B564-4893DFEF98DA}.Release|Any CPU.ActiveCfg = Release|Any CPU
		{E26CE44B-197D-4098-B564-4893DFEF98DA}.Release|Any CPU.Build.0 = Release|Any CPU
		{9386AC0A-8E33-4F8F-A342-434F3D01A2D3}.Debug|Any CPU.ActiveCfg = Debug|Any CPU
		{9386AC0A-8E33-4F8F-A342-434F3D01A2D3}.Debug|Any CPU.Build.0 = Debug|Any CPU
		{9386AC0A-8E33-4F8F-A342-434F3D01A2D3}.Release|Any CPU.ActiveCfg = Release|Any CPU
		{9386AC0A-8E33-4F8F-A342-434F3D01A2D3}.Release|Any CPU.Build.0 = Release|Any CPU
		{9B5B1D37-2733-4283-B791-D16151A381A7}.Debug|Any CPU.ActiveCfg = Debug|Any CPU
		{9B5B1D37-2733-4283-B791-D16151A381A7}.Debug|Any CPU.Build.0 = Debug|Any CPU
		{9B5B1D37-2733-4283-B791-D16151A381A7}.Release|Any CPU.ActiveCfg = Release|Any CPU
		{9B5B1D37-2733-4283-B791-D16151A381A7}.Release|Any CPU.Build.0 = Release|Any CPU
	EndGlobalSection
	GlobalSection(SolutionProperties) = preSolution
		HideSolutionNode = FALSE
	EndGlobalSection
	GlobalSection(ExtensibilityGlobals) = postSolution
		SolutionGuid = {F6C66AF9-6348-431B-A694-AAD6E4E8AB75}
	EndGlobalSection
EndGlobal
